// !$*UTF8*$!
{
	archiveVersion = 1;
	classes = {
	};
	objectVersion = 46;
	objects = {

/* Begin PBXBuildFile section */
		A64499AE1DBCE1ED00A4CCAF /* answerViewController.swift in Sources */ = {isa = PBXBuildFile; fileRef = A64499AD1DBCE1ED00A4CCAF /* answerViewController.swift */; };
		A64499B01DBCE20100A4CCAF /* resultViewController.swift in Sources */ = {isa = PBXBuildFile; fileRef = A64499AF1DBCE20100A4CCAF /* resultViewController.swift */; };
		A68DCD0E1DC36165009398B7 /* question.plist in Resources */ = {isa = PBXBuildFile; fileRef = A68DCD0D1DC36165009398B7 /* question.plist */; };
		A6A80D981DBCAEF500A7CBA0 /* AppDelegate.swift in Sources */ = {isa = PBXBuildFile; fileRef = A6A80D971DBCAEF500A7CBA0 /* AppDelegate.swift */; };
		A6A80D9A1DBCAEF500A7CBA0 /* ViewController.swift in Sources */ = {isa = PBXBuildFile; fileRef = A6A80D991DBCAEF500A7CBA0 /* ViewController.swift */; };
		A6A80D9D1DBCAEF500A7CBA0 /* Main.storyboard in Resources */ = {isa = PBXBuildFile; fileRef = A6A80D9B1DBCAEF500A7CBA0 /* Main.storyboard */; };
		A6A80DA01DBCAEF500A7CBA0 /* exam_unit.xcdatamodeld in Sources */ = {isa = PBXBuildFile; fileRef = A6A80D9E1DBCAEF500A7CBA0 /* exam_unit.xcdatamodeld */; };
		A6A80DA21DBCAEF500A7CBA0 /* Assets.xcassets in Resources */ = {isa = PBXBuildFile; fileRef = A6A80DA11DBCAEF500A7CBA0 /* Assets.xcassets */; };
		A6A80DA51DBCAEF500A7CBA0 /* LaunchScreen.storyboard in Resources */ = {isa = PBXBuildFile; fileRef = A6A80DA31DBCAEF500A7CBA0 /* LaunchScreen.storyboard */; };
		A6A80DB01DBCAEF500A7CBA0 /* exam_unitTests.swift in Sources */ = {isa = PBXBuildFile; fileRef = A6A80DAF1DBCAEF500A7CBA0 /* exam_unitTests.swift */; };
		A6A80DBB1DBCAEF500A7CBA0 /* exam_unitUITests.swift in Sources */ = {isa = PBXBuildFile; fileRef = A6A80DBA1DBCAEF500A7CBA0 /* exam_unitUITests.swift */; };
/* End PBXBuildFile section */

/* Begin PBXContainerItemProxy section */
		A6A80DAC1DBCAEF500A7CBA0 /* PBXContainerItemProxy */ = {
			isa = PBXContainerItemProxy;
			containerPortal = A6A80D8C1DBCAEF400A7CBA0 /* Project object */;
			proxyType = 1;
			remoteGlobalIDString = A6A80D931DBCAEF400A7CBA0;
			remoteInfo = "exam-unit";
		};
		A6A80DB71DBCAEF500A7CBA0 /* PBXContainerItemProxy */ = {
			isa = PBXContainerItemProxy;
			containerPortal = A6A80D8C1DBCAEF400A7CBA0 /* Project object */;
			proxyType = 1;
			remoteGlobalIDString = A6A80D931DBCAEF400A7CBA0;
			remoteInfo = "exam-unit";
		};
/* End PBXContainerItemProxy section */

/* Begin PBXFileReference section */
		A64499AD1DBCE1ED00A4CCAF /* answerViewController.swift */ = {isa = PBXFileReference; fileEncoding = 4; lastKnownFileType = sourcecode.swift; path = answerViewController.swift; sourceTree = "<group>"; };
		A64499AF1DBCE20100A4CCAF /* resultViewController.swift */ = {isa = PBXFileReference; fileEncoding = 4; lastKnownFileType = sourcecode.swift; path = resultViewController.swift; sourceTree = "<group>"; };
		A68DCD0D1DC36165009398B7 /* question.plist */ = {isa = PBXFileReference; fileEncoding = 4; lastKnownFileType = text.plist.xml; path = question.plist; sourceTree = "<group>"; };
		A6A80D941DBCAEF500A7CBA0 /* exam-unit.app */ = {isa = PBXFileReference; explicitFileType = wrapper.application; includeInIndex = 0; path = "exam-unit.app"; sourceTree = BUILT_PRODUCTS_DIR; };
		A6A80D971DBCAEF500A7CBA0 /* AppDelegate.swift */ = {isa = PBXFileReference; lastKnownFileType = sourcecode.swift; path = AppDelegate.swift; sourceTree = "<group>"; };
		A6A80D991DBCAEF500A7CBA0 /* ViewController.swift */ = {isa = PBXFileReference; lastKnownFileType = sourcecode.swift; path = ViewController.swift; sourceTree = "<group>"; };
		A6A80D9C1DBCAEF500A7CBA0 /* Base */ = {isa = PBXFileReference; lastKnownFileType = file.storyboard; name = Base; path = Base.lproj/Main.storyboard; sourceTree = "<group>"; };
		A6A80D9F1DBCAEF500A7CBA0 /* exam_unit.xcdatamodel */ = {isa = PBXFileReference; lastKnownFileType = wrapper.xcdatamodel; path = exam_unit.xcdatamodel; sourceTree = "<group>"; };
		A6A80DA11DBCAEF500A7CBA0 /* Assets.xcassets */ = {isa = PBXFileReference; lastKnownFileType = folder.assetcatalog; path = Assets.xcassets; sourceTree = "<group>"; };
		A6A80DA41DBCAEF500A7CBA0 /* Base */ = {isa = PBXFileReference; lastKnownFileType = file.storyboard; name = Base; path = Base.lproj/LaunchScreen.storyboard; sourceTree = "<group>"; };
		A6A80DA61DBCAEF500A7CBA0 /* Info.plist */ = {isa = PBXFileReference; lastKnownFileType = text.plist.xml; path = Info.plist; sourceTree = "<group>"; };
		A6A80DAB1DBCAEF500A7CBA0 /* exam-unitTests.xctest */ = {isa = PBXFileReference; explicitFileType = wrapper.cfbundle; includeInIndex = 0; path = "exam-unitTests.xctest"; sourceTree = BUILT_PRODUCTS_DIR; };
		A6A80DAF1DBCAEF500A7CBA0 /* exam_unitTests.swift */ = {isa = PBXFileReference; lastKnownFileType = sourcecode.swift; path = exam_unitTests.swift; sourceTree = "<group>"; };
		A6A80DB11DBCAEF500A7CBA0 /* Info.plist */ = {isa = PBXFileReference; lastKnownFileType = text.plist.xml; path = Info.plist; sourceTree = "<group>"; };
		A6A80DB61DBCAEF500A7CBA0 /* exam-unitUITests.xctest */ = {isa = PBXFileReference; explicitFileType = wrapper.cfbundle; includeInIndex = 0; path = "exam-unitUITests.xctest"; sourceTree = BUILT_PRODUCTS_DIR; };
		A6A80DBA1DBCAEF500A7CBA0 /* exam_unitUITests.swift */ = {isa = PBXFileReference; lastKnownFileType = sourcecode.swift; path = exam_unitUITests.swift; sourceTree = "<group>"; };
		A6A80DBC1DBCAEF500A7CBA0 /* Info.plist */ = {isa = PBXFileReference; lastKnownFileType = text.plist.xml; path = Info.plist; sourceTree = "<group>"; };
/* End PBXFileReference section */

/* Begin PBXFrameworksBuildPhase section */
		A6A80D911DBCAEF400A7CBA0 /* Frameworks */ = {
			isa = PBXFrameworksBuildPhase;
			buildActionMask = 2147483647;
			files = (
			);
			runOnlyForDeploymentPostprocessing = 0;
		};
		A6A80DA81DBCAEF500A7CBA0 /* Frameworks */ = {
			isa = PBXFrameworksBuildPhase;
			buildActionMask = 2147483647;
			files = (
			);
			runOnlyForDeploymentPostprocessing = 0;
		};
		A6A80DB31DBCAEF500A7CBA0 /* Frameworks */ = {
			isa = PBXFrameworksBuildPhase;
			buildActionMask = 2147483647;
			files = (
			);
			runOnlyForDeploymentPostprocessing = 0;
		};
/* End PBXFrameworksBuildPhase section */

/* Begin PBXGroup section */
		A6A80D8B1DBCAEF400A7CBA0 = {
			isa = PBXGroup;
			children = (
				A6A80D961DBCAEF500A7CBA0 /* exam-unit */,
				A6A80DAE1DBCAEF500A7CBA0 /* exam-unitTests */,
				A6A80DB91DBCAEF500A7CBA0 /* exam-unitUITests */,
				A6A80D951DBCAEF500A7CBA0 /* Products */,
			);
			sourceTree = "<group>";
		};
		A6A80D951DBCAEF500A7CBA0 /* Products */ = {
			isa = PBXGroup;
			children = (
				A6A80D941DBCAEF500A7CBA0 /* exam-unit.app */,
				A6A80DAB1DBCAEF500A7CBA0 /* exam-unitTests.xctest */,
				A6A80DB61DBCAEF500A7CBA0 /* exam-unitUITests.xctest */,
			);
			name = Products;
			sourceTree = "<group>";
		};
		A6A80D961DBCAEF500A7CBA0 /* exam-unit */ = {
			isa = PBXGroup;
			children = (
				A6A80D971DBCAEF500A7CBA0 /* AppDelegate.swift */,
				A6A80D991DBCAEF500A7CBA0 /* ViewController.swift */,
				A64499AF1DBCE20100A4CCAF /* resultViewController.swift */,
				A64499AD1DBCE1ED00A4CCAF /* answerViewController.swift */,
				A6A80D9B1DBCAEF500A7CBA0 /* Main.storyboard */,
				A68DCD0D1DC36165009398B7 /* question.plist */,
				A6A80DA11DBCAEF500A7CBA0 /* Assets.xcassets */,
				A6A80DA31DBCAEF500A7CBA0 /* LaunchScreen.storyboard */,
				A6A80DA61DBCAEF500A7CBA0 /* Info.plist */,
				A6A80D9E1DBCAEF500A7CBA0 /* exam_unit.xcdatamodeld */,
			);
			path = "exam-unit";
			sourceTree = "<group>";
		};
		A6A80DAE1DBCAEF500A7CBA0 /* exam-unitTests */ = {
			isa = PBXGroup;
			children = (
				A6A80DAF1DBCAEF500A7CBA0 /* exam_unitTests.swift */,
				A6A80DB11DBCAEF500A7CBA0 /* Info.plist */,
			);
			path = "exam-unitTests";
			sourceTree = "<group>";
		};
		A6A80DB91DBCAEF500A7CBA0 /* exam-unitUITests */ = {
			isa = PBXGroup;
			children = (
				A6A80DBA1DBCAEF500A7CBA0 /* exam_unitUITests.swift */,
				A6A80DBC1DBCAEF500A7CBA0 /* Info.plist */,
			);
			path = "exam-unitUITests";
			sourceTree = "<group>";
		};
/* End PBXGroup section */

/* Begin PBXNativeTarget section */
		A6A80D931DBCAEF400A7CBA0 /* exam-unit */ = {
			isa = PBXNativeTarget;
			buildConfigurationList = A6A80DBF1DBCAEF500A7CBA0 /* Build configuration list for PBXNativeTarget "exam-unit" */;
			buildPhases = (
				A6A80D901DBCAEF400A7CBA0 /* Sources */,
				A6A80D911DBCAEF400A7CBA0 /* Frameworks */,
				A6A80D921DBCAEF400A7CBA0 /* Resources */,
			);
			buildRules = (
			);
			dependencies = (
			);
			name = "exam-unit";
			productName = "exam-unit";
			productReference = A6A80D941DBCAEF500A7CBA0 /* exam-unit.app */;
			productType = "com.apple.product-type.application";
		};
		A6A80DAA1DBCAEF500A7CBA0 /* exam-unitTests */ = {
			isa = PBXNativeTarget;
			buildConfigurationList = A6A80DC21DBCAEF500A7CBA0 /* Build configuration list for PBXNativeTarget "exam-unitTests" */;
			buildPhases = (
				A6A80DA71DBCAEF500A7CBA0 /* Sources */,
				A6A80DA81DBCAEF500A7CBA0 /* Frameworks */,
				A6A80DA91DBCAEF500A7CBA0 /* Resources */,
			);
			buildRules = (
			);
			dependencies = (
				A6A80DAD1DBCAEF500A7CBA0 /* PBXTargetDependency */,
			);
			name = "exam-unitTests";
			productName = "exam-unitTests";
			productReference = A6A80DAB1DBCAEF500A7CBA0 /* exam-unitTests.xctest */;
			productType = "com.apple.product-type.bundle.unit-test";
		};
		A6A80DB51DBCAEF500A7CBA0 /* exam-unitUITests */ = {
			isa = PBXNativeTarget;
			buildConfigurationList = A6A80DC51DBCAEF500A7CBA0 /* Build configuration list for PBXNativeTarget "exam-unitUITests" */;
			buildPhases = (
				A6A80DB21DBCAEF500A7CBA0 /* Sources */,
				A6A80DB31DBCAEF500A7CBA0 /* Frameworks */,
				A6A80DB41DBCAEF500A7CBA0 /* Resources */,
			);
			buildRules = (
			);
			dependencies = (
				A6A80DB81DBCAEF500A7CBA0 /* PBXTargetDependency */,
			);
			name = "exam-unitUITests";
			productName = "exam-unitUITests";
			productReference = A6A80DB61DBCAEF500A7CBA0 /* exam-unitUITests.xctest */;
			productType = "com.apple.product-type.bundle.ui-testing";
		};
/* End PBXNativeTarget section */

/* Begin PBXProject section */
		A6A80D8C1DBCAEF400A7CBA0 /* Project object */ = {
			isa = PBXProject;
			attributes = {
				LastSwiftUpdateCheck = 0800;
				LastUpgradeCheck = 0800;
				ORGANIZATIONNAME = whitebooks;
				TargetAttributes = {
					A6A80D931DBCAEF400A7CBA0 = {
						CreatedOnToolsVersion = 8.0;
						ProvisioningStyle = Automatic;
					};
					A6A80DAA1DBCAEF500A7CBA0 = {
						CreatedOnToolsVersion = 8.0;
						ProvisioningStyle = Automatic;
						TestTargetID = A6A80D931DBCAEF400A7CBA0;
					};
					A6A80DB51DBCAEF500A7CBA0 = {
						CreatedOnToolsVersion = 8.0;
						ProvisioningStyle = Automatic;
						TestTargetID = A6A80D931DBCAEF400A7CBA0;
					};
				};
			};
			buildConfigurationList = A6A80D8F1DBCAEF400A7CBA0 /* Build configuration list for PBXProject "exam-unit" */;
			compatibilityVersion = "Xcode 3.2";
			developmentRegion = English;
			hasScannedForEncodings = 0;
			knownRegions = (
				en,
				Base,
			);
			mainGroup = A6A80D8B1DBCAEF400A7CBA0;
			productRefGroup = A6A80D951DBCAEF500A7CBA0 /* Products */;
			projectDirPath = "";
			projectRoot = "";
			targets = (
				A6A80D931DBCAEF400A7CBA0 /* exam-unit */,
				A6A80DAA1DBCAEF500A7CBA0 /* exam-unitTests */,
				A6A80DB51DBCAEF500A7CBA0 /* exam-unitUITests */,
			);
		};
/* End PBXProject section */

/* Begin PBXResourcesBuildPhase section */
		A6A80D921DBCAEF400A7CBA0 /* Resources */ = {
			isa = PBXResourcesBuildPhase;
			buildActionMask = 2147483647;
			files = (
				A6A80DA51DBCAEF500A7CBA0 /* LaunchScreen.storyboard in Resources */,
				A6A80DA21DBCAEF500A7CBA0 /* Assets.xcassets in Resources */,
				A68DCD0E1DC36165009398B7 /* question.plist in Resources */,
				A6A80D9D1DBCAEF500A7CBA0 /* Main.storyboard in Resources */,
			);
			runOnlyForDeploymentPostprocessing = 0;
		};
		A6A80DA91DBCAEF500A7CBA0 /* Resources */ = {
			isa = PBXResourcesBuildPhase;
			buildActionMask = 2147483647;
			files = (
			);
			runOnlyForDeploymentPostprocessing = 0;
		};
		A6A80DB41DBCAEF500A7CBA0 /* Resources */ = {
			isa = PBXResourcesBuildPhase;
			buildActionMask = 2147483647;
			files = (
			);
			runOnlyForDeploymentPostprocessing = 0;
		};
/* End PBXResourcesBuildPhase section */

/* Begin PBXSourcesBuildPhase section */
		A6A80D901DBCAEF400A7CBA0 /* Sources */ = {
			isa = PBXSourcesBuildPhase;
			buildActionMask = 2147483647;
			files = (
				A64499B01DBCE20100A4CCAF /* resultViewController.swift in Sources */,
				A64499AE1DBCE1ED00A4CCAF /* answerViewController.swift in Sources */,
				A6A80DA01DBCAEF500A7CBA0 /* exam_unit.xcdatamodeld in Sources */,
				A6A80D9A1DBCAEF500A7CBA0 /* ViewController.swift in Sources */,
				A6A80D981DBCAEF500A7CBA0 /* AppDelegate.swift in Sources */,
			);
			runOnlyForDeploymentPostprocessing = 0;
		};
		A6A80DA71DBCAEF500A7CBA0 /* Sources */ = {
			isa = PBXSourcesBuildPhase;
			buildActionMask = 2147483647;
			files = (
				A6A80DB01DBCAEF500A7CBA0 /* exam_unitTests.swift in Sources */,
			);
			runOnlyForDeploymentPostprocessing = 0;
		};
		A6A80DB21DBCAEF500A7CBA0 /* Sources */ = {
			isa = PBXSourcesBuildPhase;
			buildActionMask = 2147483647;
			files = (
				A6A80DBB1DBCAEF500A7CBA0 /* exam_unitUITests.swift in Sources */,
			);
			runOnlyForDeploymentPostprocessing = 0;
		};
/* End PBXSourcesBuildPhase section */

/* Begin PBXTargetDependency section */
		A6A80DAD1DBCAEF500A7CBA0 /* PBXTargetDependency */ = {
			isa = PBXTargetDependency;
			target = A6A80D931DBCAEF400A7CBA0 /* exam-unit */;
			targetProxy = A6A80DAC1DBCAEF500A7CBA0 /* PBXContainerItemProxy */;
		};
		A6A80DB81DBCAEF500A7CBA0 /* PBXTargetDependency */ = {
			isa = PBXTargetDependency;
			target = A6A80D931DBCAEF400A7CBA0 /* exam-unit */;
			targetProxy = A6A80DB71DBCAEF500A7CBA0 /* PBXContainerItemProxy */;
		};
/* End PBXTargetDependency section */

/* Begin PBXVariantGroup section */
		A6A80D9B1DBCAEF500A7CBA0 /* Main.storyboard */ = {
			isa = PBXVariantGroup;
			children = (
				A6A80D9C1DBCAEF500A7CBA0 /* Base */,
			);
			name = Main.storyboard;
			sourceTree = "<group>";
		};
		A6A80DA31DBCAEF500A7CBA0 /* LaunchScreen.storyboard */ = {
			isa = PBXVariantGroup;
			children = (
				A6A80DA41DBCAEF500A7CBA0 /* Base */,
			);
			name = LaunchScreen.storyboard;
			sourceTree = "<group>";
		};
/* End PBXVariantGroup section */

/* Begin XCBuildConfiguration section */
		A6A80DBD1DBCAEF500A7CBA0 /* Debug */ = {
			isa = XCBuildConfiguration;
			buildSettings = {
				ALWAYS_SEARCH_USER_PATHS = NO;
				CLANG_ANALYZER_NONNULL = YES;
				CLANG_CXX_LANGUAGE_STANDARD = "gnu++0x";
				CLANG_CXX_LIBRARY = "libc++";
				CLANG_ENABLE_MODULES = YES;
				CLANG_ENABLE_OBJC_ARC = YES;
				CLANG_WARN_BOOL_CONVERSION = YES;
				CLANG_WARN_CONSTANT_CONVERSION = YES;
				CLANG_WARN_DIRECT_OBJC_ISA_USAGE = YES_ERROR;
				CLANG_WARN_DOCUMENTATION_COMMENTS = YES;
				CLANG_WARN_EMPTY_BODY = YES;
				CLANG_WARN_ENUM_CONVERSION = YES;
				CLANG_WARN_INFINITE_RECURSION = YES;
				CLANG_WARN_INT_CONVERSION = YES;
				CLANG_WARN_OBJC_ROOT_CLASS = YES_ERROR;
				CLANG_WARN_SUSPICIOUS_MOVES = YES;
				CLANG_WARN_UNREACHABLE_CODE = YES;
				CLANG_WARN__DUPLICATE_METHOD_MATCH = YES;
				"CODE_SIGN_IDENTITY[sdk=iphoneos*]" = "iPhone Developer";
				COPY_PHASE_STRIP = NO;
				DEBUG_INFORMATION_FORMAT = dwarf;
				ENABLE_STRICT_OBJC_MSGSEND = YES;
				ENABLE_TESTABILITY = YES;
				GCC_C_LANGUAGE_STANDARD = gnu99;
				GCC_DYNAMIC_NO_PIC = NO;
				GCC_NO_COMMON_BLOCKS = YES;
				GCC_OPTIMIZATION_LEVEL = 0;
				GCC_PREPROCESSOR_DEFINITIONS = (
					"DEBUG=1",
					"$(inherited)",
				);
				GCC_WARN_64_TO_32_BIT_CONVERSION = YES;
				GCC_WARN_ABOUT_RETURN_TYPE = YES_ERROR;
				GCC_WARN_UNDECLARED_SELECTOR = YES;
				GCC_WARN_UNINITIALIZED_AUTOS = YES_AGGRESSIVE;
				GCC_WARN_UNUSED_FUNCTION = YES;
				GCC_WARN_UNUSED_VARIABLE = YES;
				IPHONEOS_DEPLOYMENT_TARGET = 10.0;
				MTL_ENABLE_DEBUG_INFO = YES;
				ONLY_ACTIVE_ARCH = YES;
				SDKROOT = iphoneos;
				SWIFT_ACTIVE_COMPILATION_CONDITIONS = DEBUG;
				SWIFT_OPTIMIZATION_LEVEL = "-Onone";
			};
			name = Debug;
		};
		A6A80DBE1DBCAEF500A7CBA0 /* Release */ = {
			isa = XCBuildConfiguration;
			buildSettings = {
				ALWAYS_SEARCH_USER_PATHS = NO;
				CLANG_ANALYZER_NONNULL = YES;
				CLANG_CXX_LANGUAGE_STANDARD = "gnu++0x";
				CLANG_CXX_LIBRARY = "libc++";
				CLANG_ENABLE_MODULES = YES;
				CLANG_ENABLE_OBJC_ARC = YES;
				CLANG_WARN_BOOL_CONVERSION = YES;
				CLANG_WARN_CONSTANT_CONVERSION = YES;
				CLANG_WARN_DIRECT_OBJC_ISA_USAGE = YES_ERROR;
				CLANG_WARN_DOCUMENTATION_COMMENTS = YES;
				CLANG_WARN_EMPTY_BODY = YES;
				CLANG_WARN_ENUM_CONVERSION = YES;
				CLANG_WARN_INFINITE_RECURSION = YES;
				CLANG_WARN_INT_CONVERSION = YES;
				CLANG_WARN_OBJC_ROOT_CLASS = YES_ERROR;
				CLANG_WARN_SUSPICIOUS_MOVES = YES;
				CLANG_WARN_UNREACHABLE_CODE = YES;
				CLANG_WARN__DUPLICATE_METHOD_MATCH = YES;
				"CODE_SIGN_IDENTITY[sdk=iphoneos*]" = "iPhone Developer";
				COPY_PHASE_STRIP = NO;
				DEBUG_INFORMATION_FORMAT = "dwarf-with-dsym";
				ENABLE_NS_ASSERTIONS = NO;
				ENABLE_STRICT_OBJC_MSGSEND = YES;
				GCC_C_LANGUAGE_STANDARD = gnu99;
				GCC_NO_COMMON_BLOCKS = YES;
				GCC_WARN_64_TO_32_BIT_CONVERSION = YES;
				GCC_WARN_ABOUT_RETURN_TYPE = YES_ERROR;
				GCC_WARN_UNDECLARED_SELECTOR = YES;
				GCC_WARN_UNINITIALIZED_AUTOS = YES_AGGRESSIVE;
				GCC_WARN_UNUSED_FUNCTION = YES;
				GCC_WARN_UNUSED_VARIABLE = YES;
				IPHONEOS_DEPLOYMENT_TARGET = 10.0;
				MTL_ENABLE_DEBUG_INFO = NO;
				SDKROOT = iphoneos;
				SWIFT_OPTIMIZATION_LEVEL = "-Owholemodule";
				VALIDATE_PRODUCT = YES;
			};
			name = Release;
		};
		A6A80DC01DBCAEF500A7CBA0 /* Debug */ = {
			isa = XCBuildConfiguration;
			buildSettings = {
				ASSETCATALOG_COMPILER_APPICON_NAME = AppIcon;
				INFOPLIST_FILE = "exam-unit/Info.plist";
				LD_RUNPATH_SEARCH_PATHS = "$(inherited) @executable_path/Frameworks";
				PRODUCT_BUNDLE_IDENTIFIER = "whitebooks.exam-unit";
				PRODUCT_NAME = "$(TARGET_NAME)";
				SWIFT_VERSION = 3.0;
			};
			name = Debug;
		};
		A6A80DC11DBCAEF500A7CBA0 /* Release */ = {
			isa = XCBuildConfiguration;
			buildSettings = {
				ASSETCATALOG_COMPILER_APPICON_NAME = AppIcon;
				INFOPLIST_FILE = "exam-unit/Info.plist";
				LD_RUNPATH_SEARCH_PATHS = "$(inherited) @executable_path/Frameworks";
				PRODUCT_BUNDLE_IDENTIFIER = "whitebooks.exam-unit";
				PRODUCT_NAME = "$(TARGET_NAME)";
				SWIFT_VERSION = 3.0;
			};
			name = Release;
		};
		A6A80DC31DBCAEF500A7CBA0 /* Debug */ = {
			isa = XCBuildConfiguration;
			buildSettings = {
				ALWAYS_EMBED_SWIFT_STANDARD_LIBRARIES = YES;
				BUNDLE_LOADER = "$(TEST_HOST)";
				INFOPLIST_FILE = "exam-unitTests/Info.plist";
				LD_RUNPATH_SEARCH_PATHS = "$(inherited) @executable_path/Frameworks @loader_path/Frameworks";
				PRODUCT_BUNDLE_IDENTIFIER = "whitebooks.exam-unitTests";
				PRODUCT_NAME = "$(TARGET_NAME)";
				SWIFT_VERSION = 3.0;
				TEST_HOST = "$(BUILT_PRODUCTS_DIR)/exam-unit.app/exam-unit";
			};
			name = Debug;
		};
		A6A80DC41DBCAEF500A7CBA0 /* Release */ = {
			isa = XCBuildConfiguration;
			buildSettings = {
				ALWAYS_EMBED_SWIFT_STANDARD_LIBRARIES = YES;
				BUNDLE_LOADER = "$(TEST_HOST)";
				INFOPLIST_FILE = "exam-unitTests/Info.plist";
				LD_RUNPATH_SEARCH_PATHS = "$(inherited) @executable_path/Frameworks @loader_path/Frameworks";
				PRODUCT_BUNDLE_IDENTIFIER = "whitebooks.exam-unitTests";
				PRODUCT_NAME = "$(TARGET_NAME)";
				SWIFT_VERSION = 3.0;
				TEST_HOST = "$(BUILT_PRODUCTS_DIR)/exam-unit.app/exam-unit";
			};
			name = Release;
		};
		A6A80DC61DBCAEF500A7CBA0 /* Debug */ = {
			isa = XCBuildConfiguration;
			buildSettings = {
				ALWAYS_EMBED_SWIFT_STANDARD_LIBRARIES = YES;
				INFOPLIST_FILE = "exam-unitUITests/Info.plist";
				LD_RUNPATH_SEARCH_PATHS = "$(inherited) @executable_path/Frameworks @loader_path/Frameworks";
				PRODUCT_BUNDLE_IDENTIFIER = "whitebooks.exam-unitUITests";
				PRODUCT_NAME = "$(TARGET_NAME)";
				SWIFT_VERSION = 3.0;
				TEST_TARGET_NAME = "exam-unit";
			};
			name = Debug;
		};
		A6A80DC71DBCAEF500A7CBA0 /* Release */ = {
			isa = XCBuildConfiguration;
			buildSettings = {
				ALWAYS_EMBED_SWIFT_STANDARD_LIBRARIES = YES;
				INFOPLIST_FILE = "exam-unitUITests/Info.plist";
				LD_RUNPATH_SEARCH_PATHS = "$(inherited) @executable_path/Frameworks @loader_path/Frameworks";
				PRODUCT_BUNDLE_IDENTIFIER = "whitebooks.exam-unitUITests";
				PRODUCT_NAME = "$(TARGET_NAME)";
				SWIFT_VERSION = 3.0;
				TEST_TARGET_NAME = "exam-unit";
			};
			name = Release;
		};
/* End XCBuildConfiguration section */

/* Begin XCConfigurationList section */
		A6A80D8F1DBCAEF400A7CBA0 /* Build configuration list for PBXProject "exam-unit" */ = {
			isa = XCConfigurationList;
			buildConfigurations = (
				A6A80DBD1DBCAEF500A7CBA0 /* Debug */,
				A6A80DBE1DBCAEF500A7CBA0 /* Release */,
			);
			defaultConfigurationIsVisible = 0;
			defaultConfigurationName = Release;
		};
		A6A80DBF1DBCAEF500A7CBA0 /* Build configuration list for PBXNativeTarget "exam-unit" */ = {
			isa = XCConfigurationList;
			buildConfigurations = (
				A6A80DC01DBCAEF500A7CBA0 /* Debug */,
				A6A80DC11DBCAEF500A7CBA0 /* Release */,
			);
			defaultConfigurationIsVisible = 0;
			defaultConfigurationName = Release;
		};
		A6A80DC21DBCAEF500A7CBA0 /* Build configuration list for PBXNativeTarget "exam-unitTests" */ = {
			isa = XCConfigurationList;
			buildConfigurations = (
				A6A80DC31DBCAEF500A7CBA0 /* Debug */,
				A6A80DC41DBCAEF500A7CBA0 /* Release */,
			);
			defaultConfigurationIsVisible = 0;
			defaultConfigurationName = Release;
		};
		A6A80DC51DBCAEF500A7CBA0 /* Build configuration list for PBXNativeTarget "exam-unitUITests" */ = {
			isa = XCConfigurationList;
			buildConfigurations = (
				A6A80DC61DBCAEF500A7CBA0 /* Debug */,
				A6A80DC71DBCAEF500A7CBA0 /* Release */,
			);
			defaultConfigurationIsVisible = 0;
			defaultConfigurationName = Release;
		};
/* End XCConfigurationList section */

/* Begin XCVersionGroup section */
		A6A80D9E1DBCAEF500A7CBA0 /* exam_unit.xcdatamodeld */ = {
			isa = XCVersionGroup;
			children = (
				A6A80D9F1DBCAEF500A7CBA0 /* exam_unit.xcdatamodel */,
			);
			currentVersion = A6A80D9F1DBCAEF500A7CBA0 /* exam_unit.xcdatamodel */;
			path = exam_unit.xcdatamodeld;
			sourceTree = "<group>";
			versionGroupType = wrapper.xcdatamodel;
		};
/* End XCVersionGroup section */
	};
	rootObject = A6A80D8C1DBCAEF400A7CBA0 /* Project object */;
}
